
Microsoft Visual Studio Solution File, Format Version 12.00
# Visual Studio Version 17
VisualStudioVersion = 17.5.002.0
MinimumVisualStudioVersion = 10.0.40219.1
Project("{9A19103F-16F7-4668-BE54-9A1E7A4F7556}") = "cpu", "cpu.csproj", "{0DD99CCA-63B2-4D97-A1BA-3FCFFF2DD11E}"
EndProject
Global
	GlobalSection(SolutionConfigurationPlatforms) = preSolution
		Debug|Any CPU = Debug|Any CPU
		Release|Any CPU = Release|Any CPU
	EndGlobalSection
	GlobalSection(ProjectConfigurationPlatforms) = postSolution
		{0DD99CCA-63B2-4D97-A1BA-3FCFFF2DD11E}.Debug|Any CPU.ActiveCfg = Debug|Any CPU
		{0DD99CCA-63B2-4D97-A1BA-3FCFFF2DD11E}.Debug|Any CPU.Build.0 = Debug|Any CPU
		{0DD99CCA-63B2-4D97-A1BA-3FCFFF2DD11E}.Release|Any CPU.ActiveCfg = Release|Any CPU
		{0DD99CCA-63B2-4D97-A1BA-3FCFFF2DD11E}.Release|Any CPU.Build.0 = Release|Any CPU
	EndGlobalSection
	GlobalSection(SolutionProperties) = preSolution
		HideSolutionNode = FALSE
	EndGlobalSection
	GlobalSection(ExtensibilityGlobals) = postSolution
		SolutionGuid = {8AB5CAA3-D21C-4A44-B178-1872102C0FA1}
	EndGlobalSection
EndGlobal
